// !$*UTF8*$!
{
	archiveVersion = 1;
	classes = {
	};
	objectVersion = 46;
	objects = {

/* Begin PBXBuildFile section */
		28D927591E08FE73004CB221 /* SimpleActivityView.m in Sources */ = {isa = PBXBuildFile; fileRef = 28D927421E08FE73004CB221 /* SimpleActivityView.m */; };
		28D9275A1E08FE73004CB221 /* SimpleAlertButton.adtValue in Resources */ = {isa = PBXBuildFile; fileRef = 28D927441E08FE73004CB221 /* SimpleAlertButton.adtValue */; };
		28D9275B1E08FE73004CB221 /* SimpleAlertButton.m in Sources */ = {isa = PBXBuildFile; fileRef = 28D927461E08FE73004CB221 /* SimpleAlertButton.m */; };
		28D9275C1E08FE73004CB221 /* UIAlertController+SimpleAPI.m in Sources */ = {isa = PBXBuildFile; fileRef = 28D927481E08FE73004CB221 /* UIAlertController+SimpleAPI.m */; };
		28D9275D1E08FE73004CB221 /* NSAttributedString+SimpleUIKit.m in Sources */ = {isa = PBXBuildFile; fileRef = 28D9274B1E08FE73004CB221 /* NSAttributedString+SimpleUIKit.m */; };
		28D9275E1E08FE73004CB221 /* SimpleLocalNotification.m in Sources */ = {isa = PBXBuildFile; fileRef = 28D9274E1E08FE73004CB221 /* SimpleLocalNotification.m */; };
		28D927601E08FE73004CB221 /* UIView+SimpleMotionEffects.m in Sources */ = {isa = PBXBuildFile; fileRef = 28D927521E08FE73004CB221 /* UIView+SimpleMotionEffects.m */; };
		28D927611E08FE73004CB221 /* UIView+position.m in Sources */ = {isa = PBXBuildFile; fileRef = 28D927551E08FE73004CB221 /* UIView+position.m */; };
		28D927621E08FE73004CB221 /* SimpleTableView.m in Sources */ = {isa = PBXBuildFile; fileRef = 28D927581E08FE73004CB221 /* SimpleTableView.m */; };
		28D927651E0907F7004CB221 /* ListViewController.m in Sources */ = {isa = PBXBuildFile; fileRef = 28D927641E0907F7004CB221 /* ListViewController.m */; };
		28D927681E0A525A004CB221 /* ActivityViewController.m in Sources */ = {isa = PBXBuildFile; fileRef = 28D927671E0A525A004CB221 /* ActivityViewController.m */; };
		28D9276B1E0B552A004CB221 /* AttributedStringViewController.m in Sources */ = {isa = PBXBuildFile; fileRef = 28D9276A1E0B552A004CB221 /* AttributedStringViewController.m */; };
		28D9276E1E0B6DDE004CB221 /* AlertViewController.m in Sources */ = {isa = PBXBuildFile; fileRef = 28D9276D1E0B6DDE004CB221 /* AlertViewController.m */; };
		D253D7F21839385E00BE6C44 /* Foundation.framework in Frameworks */ = {isa = PBXBuildFile; fileRef = D253D7F11839385E00BE6C44 /* Foundation.framework */; };
		D253D7F41839385E00BE6C44 /* CoreGraphics.framework in Frameworks */ = {isa = PBXBuildFile; fileRef = D253D7F31839385E00BE6C44 /* CoreGraphics.framework */; };
		D253D7F61839385E00BE6C44 /* UIKit.framework in Frameworks */ = {isa = PBXBuildFile; fileRef = D253D7F51839385E00BE6C44 /* UIKit.framework */; };
		D253D7FE1839385E00BE6C44 /* main.m in Sources */ = {isa = PBXBuildFile; fileRef = D253D7FD1839385E00BE6C44 /* main.m */; };
		D253D8021839385E00BE6C44 /* AppDelegate.m in Sources */ = {isa = PBXBuildFile; fileRef = D253D8011839385E00BE6C44 /* AppDelegate.m */; };
		D253D8041839385E00BE6C44 /* Images.xcassets in Resources */ = {isa = PBXBuildFile; fileRef = D253D8031839385E00BE6C44 /* Images.xcassets */; };
		D253D8221839386900BE6C44 /* MotionEffectsViewController.m in Sources */ = {isa = PBXBuildFile; fileRef = D253D8211839386900BE6C44 /* MotionEffectsViewController.m */; };
/* End PBXBuildFile section */

/* Begin PBXFileReference section */
		28D927411E08FE73004CB221 /* SimpleActivityView.h */ = {isa = PBXFileReference; fileEncoding = 4; lastKnownFileType = sourcecode.c.h; path = SimpleActivityView.h; sourceTree = "<group>"; };
		28D927421E08FE73004CB221 /* SimpleActivityView.m */ = {isa = PBXFileReference; fileEncoding = 4; lastKnownFileType = sourcecode.c.objc; path = SimpleActivityView.m; sourceTree = "<group>"; };
		28D927441E08FE73004CB221 /* SimpleAlertButton.adtValue */ = {isa = PBXFileReference; fileEncoding = 4; lastKnownFileType = text; path = SimpleAlertButton.adtValue; sourceTree = "<group>"; };
		28D927451E08FE73004CB221 /* SimpleAlertButton.h */ = {isa = PBXFileReference; fileEncoding = 4; lastKnownFileType = sourcecode.c.h; path = SimpleAlertButton.h; sourceTree = "<group>"; };
		28D927461E08FE73004CB221 /* SimpleAlertButton.m */ = {isa = PBXFileReference; fileEncoding = 4; lastKnownFileType = sourcecode.c.objc; path = SimpleAlertButton.m; sourceTree = "<group>"; };
		28D927471E08FE73004CB221 /* UIAlertController+SimpleAPI.h */ = {isa = PBXFileReference; fileEncoding = 4; lastKnownFileType = sourcecode.c.h; path = "UIAlertController+SimpleAPI.h"; sourceTree = "<group>"; };
		28D927481E08FE73004CB221 /* UIAlertController+SimpleAPI.m */ = {isa = PBXFileReference; fileEncoding = 4; lastKnownFileType = sourcecode.c.objc; path = "UIAlertController+SimpleAPI.m"; sourceTree = "<group>"; };
		28D9274A1E08FE73004CB221 /* NSAttributedString+SimpleUIKit.h */ = {isa = PBXFileReference; fileEncoding = 4; lastKnownFileType = sourcecode.c.h; path = "NSAttributedString+SimpleUIKit.h"; sourceTree = "<group>"; };
		28D9274B1E08FE73004CB221 /* NSAttributedString+SimpleUIKit.m */ = {isa = PBXFileReference; fileEncoding = 4; lastKnownFileType = sourcecode.c.objc; path = "NSAttributedString+SimpleUIKit.m"; sourceTree = "<group>"; };
		28D9274D1E08FE73004CB221 /* SimpleLocalNotification.h */ = {isa = PBXFileReference; fileEncoding = 4; lastKnownFileType = sourcecode.c.h; path = SimpleLocalNotification.h; sourceTree = "<group>"; };
		28D9274E1E08FE73004CB221 /* SimpleLocalNotification.m */ = {isa = PBXFileReference; fileEncoding = 4; lastKnownFileType = sourcecode.c.objc; path = SimpleLocalNotification.m; sourceTree = "<group>"; };
		28D927511E08FE73004CB221 /* UIView+SimpleMotionEffects.h */ = {isa = PBXFileReference; fileEncoding = 4; lastKnownFileType = sourcecode.c.h; path = "UIView+SimpleMotionEffects.h"; sourceTree = "<group>"; };
		28D927521E08FE73004CB221 /* UIView+SimpleMotionEffects.m */ = {isa = PBXFileReference; fileEncoding = 4; lastKnownFileType = sourcecode.c.objc; path = "UIView+SimpleMotionEffects.m"; sourceTree = "<group>"; };
		28D927541E08FE73004CB221 /* UIView+position.h */ = {isa = PBXFileReference; fileEncoding = 4; lastKnownFileType = sourcecode.c.h; path = "UIView+position.h"; sourceTree = "<group>"; };
		28D927551E08FE73004CB221 /* UIView+position.m */ = {isa = PBXFileReference; fileEncoding = 4; lastKnownFileType = sourcecode.c.objc; path = "UIView+position.m"; sourceTree = "<group>"; };
		28D927571E08FE73004CB221 /* SimpleTableView.h */ = {isa = PBXFileReference; fileEncoding = 4; lastKnownFileType = sourcecode.c.h; path = SimpleTableView.h; sourceTree = "<group>"; };
		28D927581E08FE73004CB221 /* SimpleTableView.m */ = {isa = PBXFileReference; fileEncoding = 4; lastKnownFileType = sourcecode.c.objc; path = SimpleTableView.m; sourceTree = "<group>"; };
		28D927631E0907F7004CB221 /* ListViewController.h */ = {isa = PBXFileReference; fileEncoding = 4; lastKnownFileType = sourcecode.c.h; path = ListViewController.h; sourceTree = "<group>"; };
		28D927641E0907F7004CB221 /* ListViewController.m */ = {isa = PBXFileReference; fileEncoding = 4; lastKnownFileType = sourcecode.c.objc; path = ListViewController.m; sourceTree = "<group>"; };
		28D927661E0A525A004CB221 /* ActivityViewController.h */ = {isa = PBXFileReference; fileEncoding = 4; lastKnownFileType = sourcecode.c.h; path = ActivityViewController.h; sourceTree = "<group>"; };
		28D927671E0A525A004CB221 /* ActivityViewController.m */ = {isa = PBXFileReference; fileEncoding = 4; lastKnownFileType = sourcecode.c.objc; path = ActivityViewController.m; sourceTree = "<group>"; };
		28D927691E0B552A004CB221 /* AttributedStringViewController.h */ = {isa = PBXFileReference; fileEncoding = 4; lastKnownFileType = sourcecode.c.h; path = AttributedStringViewController.h; sourceTree = "<group>"; };
		28D9276A1E0B552A004CB221 /* AttributedStringViewController.m */ = {isa = PBXFileReference; fileEncoding = 4; lastKnownFileType = sourcecode.c.objc; path = AttributedStringViewController.m; sourceTree = "<group>"; };
		28D9276C1E0B6DDE004CB221 /* AlertViewController.h */ = {isa = PBXFileReference; fileEncoding = 4; lastKnownFileType = sourcecode.c.h; path = AlertViewController.h; sourceTree = "<group>"; };
		28D9276D1E0B6DDE004CB221 /* AlertViewController.m */ = {isa = PBXFileReference; fileEncoding = 4; lastKnownFileType = sourcecode.c.objc; path = AlertViewController.m; sourceTree = "<group>"; };
		D253D7EE1839385E00BE6C44 /* ExampleProject.app */ = {isa = PBXFileReference; explicitFileType = wrapper.application; includeInIndex = 0; path = ExampleProject.app; sourceTree = BUILT_PRODUCTS_DIR; };
		D253D7F11839385E00BE6C44 /* Foundation.framework */ = {isa = PBXFileReference; lastKnownFileType = wrapper.framework; name = Foundation.framework; path = System/Library/Frameworks/Foundation.framework; sourceTree = SDKROOT; };
		D253D7F31839385E00BE6C44 /* CoreGraphics.framework */ = {isa = PBXFileReference; lastKnownFileType = wrapper.framework; name = CoreGraphics.framework; path = System/Library/Frameworks/CoreGraphics.framework; sourceTree = SDKROOT; };
		D253D7F51839385E00BE6C44 /* UIKit.framework */ = {isa = PBXFileReference; lastKnownFileType = wrapper.framework; name = UIKit.framework; path = System/Library/Frameworks/UIKit.framework; sourceTree = SDKROOT; };
		D253D7F91839385E00BE6C44 /* ExampleProject-Info.plist */ = {isa = PBXFileReference; explicitFileType = text.plist.info; path = "ExampleProject-Info.plist"; sourceTree = "<group>"; };
		D253D7FD1839385E00BE6C44 /* main.m */ = {isa = PBXFileReference; lastKnownFileType = sourcecode.c.objc; path = main.m; sourceTree = "<group>"; };
		D253D7FF1839385E00BE6C44 /* ExampleProject-Prefix.pch */ = {isa = PBXFileReference; lastKnownFileType = sourcecode.c.h; path = "ExampleProject-Prefix.pch"; sourceTree = "<group>"; };
		D253D8001839385E00BE6C44 /* AppDelegate.h */ = {isa = PBXFileReference; lastKnownFileType = sourcecode.c.h; path = AppDelegate.h; sourceTree = "<group>"; };
		D253D8011839385E00BE6C44 /* AppDelegate.m */ = {isa = PBXFileReference; lastKnownFileType = sourcecode.c.objc; path = AppDelegate.m; sourceTree = "<group>"; };
		D253D8031839385E00BE6C44 /* Images.xcassets */ = {isa = PBXFileReference; lastKnownFileType = folder.assetcatalog; path = Images.xcassets; sourceTree = "<group>"; };
		D253D80A1839385E00BE6C44 /* XCTest.framework */ = {isa = PBXFileReference; lastKnownFileType = wrapper.framework; name = XCTest.framework; path = Library/Frameworks/XCTest.framework; sourceTree = DEVELOPER_DIR; };
		D253D8201839386900BE6C44 /* MotionEffectsViewController.h */ = {isa = PBXFileReference; fileEncoding = 4; lastKnownFileType = sourcecode.c.h; path = MotionEffectsViewController.h; sourceTree = "<group>"; };
		D253D8211839386900BE6C44 /* MotionEffectsViewController.m */ = {isa = PBXFileReference; fileEncoding = 4; lastKnownFileType = sourcecode.c.objc; path = MotionEffectsViewController.m; sourceTree = "<group>"; };
/* End PBXFileReference section */

/* Begin PBXFrameworksBuildPhase section */
		D253D7EB1839385E00BE6C44 /* Frameworks */ = {
			isa = PBXFrameworksBuildPhase;
			buildActionMask = 2147483647;
			files = (
				D253D7F41839385E00BE6C44 /* CoreGraphics.framework in Frameworks */,
				D253D7F61839385E00BE6C44 /* UIKit.framework in Frameworks */,
				D253D7F21839385E00BE6C44 /* Foundation.framework in Frameworks */,
			);
			runOnlyForDeploymentPostprocessing = 0;
		};
/* End PBXFrameworksBuildPhase section */

/* Begin PBXGroup section */
		28D9273F1E08FE73004CB221 /* SimpleUIKit */ = {
			isa = PBXGroup;
			children = (
				28D927401E08FE73004CB221 /* SimpleActivityView */,
				28D927431E08FE73004CB221 /* SimpleAlertController */,
				28D927491E08FE73004CB221 /* SimpleAttributedString */,
				28D9274C1E08FE73004CB221 /* SimpleLocalNotification */,
				28D9274F1E08FE73004CB221 /* SimpleMotionEffects */,
				28D927531E08FE73004CB221 /* SimplePositioning */,
				28D927561E08FE73004CB221 /* SimpleTableView */,
			);
			path = SimpleUIKit;
			sourceTree = "<group>";
		};
		28D927401E08FE73004CB221 /* SimpleActivityView */ = {
			isa = PBXGroup;
			children = (
				28D927411E08FE73004CB221 /* SimpleActivityView.h */,
				28D927421E08FE73004CB221 /* SimpleActivityView.m */,
			);
			path = SimpleActivityView;
			sourceTree = "<group>";
		};
		28D927431E08FE73004CB221 /* SimpleAlertController */ = {
			isa = PBXGroup;
			children = (
				28D927441E08FE73004CB221 /* SimpleAlertButton.adtValue */,
				28D927451E08FE73004CB221 /* SimpleAlertButton.h */,
				28D927461E08FE73004CB221 /* SimpleAlertButton.m */,
				28D927471E08FE73004CB221 /* UIAlertController+SimpleAPI.h */,
				28D927481E08FE73004CB221 /* UIAlertController+SimpleAPI.m */,
			);
			path = SimpleAlertController;
			sourceTree = "<group>";
		};
		28D927491E08FE73004CB221 /* SimpleAttributedString */ = {
			isa = PBXGroup;
			children = (
				28D9274A1E08FE73004CB221 /* NSAttributedString+SimpleUIKit.h */,
				28D9274B1E08FE73004CB221 /* NSAttributedString+SimpleUIKit.m */,
			);
			path = SimpleAttributedString;
			sourceTree = "<group>";
		};
		28D9274C1E08FE73004CB221 /* SimpleLocalNotification */ = {
			isa = PBXGroup;
			children = (
				28D9274D1E08FE73004CB221 /* SimpleLocalNotification.h */,
				28D9274E1E08FE73004CB221 /* SimpleLocalNotification.m */,
			);
			path = SimpleLocalNotification;
			sourceTree = "<group>";
		};
		28D9274F1E08FE73004CB221 /* SimpleMotionEffects */ = {
			isa = PBXGroup;
			children = (
				28D927511E08FE73004CB221 /* UIView+SimpleMotionEffects.h */,
				28D927521E08FE73004CB221 /* UIView+SimpleMotionEffects.m */,
			);
			path = SimpleMotionEffects;
			sourceTree = "<group>";
		};
		28D927531E08FE73004CB221 /* SimplePositioning */ = {
			isa = PBXGroup;
			children = (
				28D927541E08FE73004CB221 /* UIView+position.h */,
				28D927551E08FE73004CB221 /* UIView+position.m */,
			);
			path = SimplePositioning;
			sourceTree = "<group>";
		};
		28D927561E08FE73004CB221 /* SimpleTableView */ = {
			isa = PBXGroup;
			children = (
				28D927571E08FE73004CB221 /* SimpleTableView.h */,
				28D927581E08FE73004CB221 /* SimpleTableView.m */,
			);
			path = SimpleTableView;
			sourceTree = "<group>";
		};
		D253D7E51839385E00BE6C44 = {
			isa = PBXGroup;
			children = (
				28D9273F1E08FE73004CB221 /* SimpleUIKit */,
				D253D7F71839385E00BE6C44 /* ExampleProject */,
				D253D7F01839385E00BE6C44 /* Frameworks */,
				D253D7EF1839385E00BE6C44 /* Products */,
			);
			sourceTree = "<group>";
		};
		D253D7EF1839385E00BE6C44 /* Products */ = {
			isa = PBXGroup;
			children = (
				D253D7EE1839385E00BE6C44 /* ExampleProject.app */,
			);
			name = Products;
			sourceTree = "<group>";
		};
		D253D7F01839385E00BE6C44 /* Frameworks */ = {
			isa = PBXGroup;
			children = (
				D253D7F11839385E00BE6C44 /* Foundation.framework */,
				D253D7F31839385E00BE6C44 /* CoreGraphics.framework */,
				D253D7F51839385E00BE6C44 /* UIKit.framework */,
				D253D80A1839385E00BE6C44 /* XCTest.framework */,
			);
			name = Frameworks;
			sourceTree = "<group>";
		};
		D253D7F71839385E00BE6C44 /* ExampleProject */ = {
			isa = PBXGroup;
			children = (
				D253D8001839385E00BE6C44 /* AppDelegate.h */,
				D253D8011839385E00BE6C44 /* AppDelegate.m */,
				28D927661E0A525A004CB221 /* ActivityViewController.h */,
				28D927671E0A525A004CB221 /* ActivityViewController.m */,
				28D9276C1E0B6DDE004CB221 /* AlertViewController.h */,
				28D9276D1E0B6DDE004CB221 /* AlertViewController.m */,
				28D927691E0B552A004CB221 /* AttributedStringViewController.h */,
				28D9276A1E0B552A004CB221 /* AttributedStringViewController.m */,
				28D927631E0907F7004CB221 /* ListViewController.h */,
				28D927641E0907F7004CB221 /* ListViewController.m */,
				D253D8201839386900BE6C44 /* MotionEffectsViewController.h */,
				D253D8211839386900BE6C44 /* MotionEffectsViewController.m */,
				D253D8031839385E00BE6C44 /* Images.xcassets */,
				D253D7F81839385E00BE6C44 /* Supporting Files */,
			);
			path = ExampleProject;
			sourceTree = "<group>";
		};
		D253D7F81839385E00BE6C44 /* Supporting Files */ = {
			isa = PBXGroup;
			children = (
				D253D7F91839385E00BE6C44 /* ExampleProject-Info.plist */,
				D253D7FD1839385E00BE6C44 /* main.m */,
				D253D7FF1839385E00BE6C44 /* ExampleProject-Prefix.pch */,
			);
			name = "Supporting Files";
			sourceTree = "<group>";
		};
/* End PBXGroup section */

/* Begin PBXNativeTarget section */
		D253D7ED1839385E00BE6C44 /* ExampleProject */ = {
			isa = PBXNativeTarget;
			buildConfigurationList = D253D81A1839385F00BE6C44 /* Build configuration list for PBXNativeTarget "ExampleProject" */;
			buildPhases = (
				D253D7EA1839385E00BE6C44 /* Sources */,
				D253D7EB1839385E00BE6C44 /* Frameworks */,
				D253D7EC1839385E00BE6C44 /* Resources */,
			);
			buildRules = (
			);
			dependencies = (
			);
			name = ExampleProject;
			productName = ExampleProject;
			productReference = D253D7EE1839385E00BE6C44 /* ExampleProject.app */;
			productType = "com.apple.product-type.application";
		};
/* End PBXNativeTarget section */

/* Begin PBXProject section */
		D253D7E61839385E00BE6C44 /* Project object */ = {
			isa = PBXProject;
			attributes = {
				CLASSPREFIX = SM;
				LastUpgradeCheck = 0820;
				ORGANIZATIONNAME = "Markus Emrich";
				TargetAttributes = {
					D253D7ED1839385E00BE6C44 = {
						DevelopmentTeam = 8M37KCPR2Q;
					};
				};
			};
			buildConfigurationList = D253D7E91839385E00BE6C44 /* Build configuration list for PBXProject "ExampleProject" */;
			compatibilityVersion = "Xcode 3.2";
			developmentRegion = English;
			hasScannedForEncodings = 0;
			knownRegions = (
				en,
			);
			mainGroup = D253D7E51839385E00BE6C44;
			productRefGroup = D253D7EF1839385E00BE6C44 /* Products */;
			projectDirPath = "";
			projectRoot = "";
			targets = (
				D253D7ED1839385E00BE6C44 /* ExampleProject */,
			);
		};
/* End PBXProject section */

/* Begin PBXResourcesBuildPhase section */
		D253D7EC1839385E00BE6C44 /* Resources */ = {
			isa = PBXResourcesBuildPhase;
			buildActionMask = 2147483647;
			files = (
				28D9275A1E08FE73004CB221 /* SimpleAlertButton.adtValue in Resources */,
				D253D8041839385E00BE6C44 /* Images.xcassets in Resources */,
			);
			runOnlyForDeploymentPostprocessing = 0;
		};
/* End PBXResourcesBuildPhase section */

/* Begin PBXSourcesBuildPhase section */
		D253D7EA1839385E00BE6C44 /* Sources */ = {
			isa = PBXSourcesBuildPhase;
			buildActionMask = 2147483647;
			files = (
				28D9275E1E08FE73004CB221 /* SimpleLocalNotification.m in Sources */,
				28D927601E08FE73004CB221 /* UIView+SimpleMotionEffects.m in Sources */,
				28D927651E0907F7004CB221 /* ListViewController.m in Sources */,
				D253D8021839385E00BE6C44 /* AppDelegate.m in Sources */,
				28D927591E08FE73004CB221 /* SimpleActivityView.m in Sources */,
				D253D8221839386900BE6C44 /* MotionEffectsViewController.m in Sources */,
				28D927621E08FE73004CB221 /* SimpleTableView.m in Sources */,
				28D927611E08FE73004CB221 /* UIView+position.m in Sources */,
				28D9275C1E08FE73004CB221 /* UIAlertController+SimpleAPI.m in Sources */,
				28D927681E0A525A004CB221 /* ActivityViewController.m in Sources */,
				28D9276B1E0B552A004CB221 /* AttributedStringViewController.m in Sources */,
				28D9276E1E0B6DDE004CB221 /* AlertViewController.m in Sources */,
				D253D7FE1839385E00BE6C44 /* main.m in Sources */,
				28D9275B1E08FE73004CB221 /* SimpleAlertButton.m in Sources */,
				28D9275D1E08FE73004CB221 /* NSAttributedString+SimpleUIKit.m in Sources */,
			);
			runOnlyForDeploymentPostprocessing = 0;
		};
/* End PBXSourcesBuildPhase section */

/* Begin XCBuildConfiguration section */
		D253D8181839385F00BE6C44 /* Debug */ = {
			isa = XCBuildConfiguration;
			buildSettings = {
				ALWAYS_SEARCH_USER_PATHS = NO;
				CLANG_CXX_LANGUAGE_STANDARD = "gnu++0x";
				CLANG_CXX_LIBRARY = "libc++";
				CLANG_ENABLE_MODULES = YES;
				CLANG_ENABLE_OBJC_ARC = YES;
				CLANG_WARN_BOOL_CONVERSION = YES;
				CLANG_WARN_CONSTANT_CONVERSION = YES;
				CLANG_WARN_DIRECT_OBJC_ISA_USAGE = YES_ERROR;
				CLANG_WARN_EMPTY_BODY = YES;
				CLANG_WARN_ENUM_CONVERSION = YES;
				CLANG_WARN_INFINITE_RECURSION = YES;
				CLANG_WARN_INT_CONVERSION = YES;
				CLANG_WARN_OBJC_ROOT_CLASS = YES_ERROR;
				CLANG_WARN_SUSPICIOUS_MOVE = YES;
				CLANG_WARN_UNREACHABLE_CODE = YES;
				CLANG_WARN__DUPLICATE_METHOD_MATCH = YES;
				"CODE_SIGN_IDENTITY[sdk=iphoneos*]" = "iPhone Developer";
				COPY_PHASE_STRIP = NO;
				ENABLE_STRICT_OBJC_MSGSEND = YES;
				ENABLE_TESTABILITY = YES;
				GCC_C_LANGUAGE_STANDARD = gnu99;
				GCC_DYNAMIC_NO_PIC = NO;
				GCC_NO_COMMON_BLOCKS = YES;
				GCC_OPTIMIZATION_LEVEL = 0;
				GCC_PREPROCESSOR_DEFINITIONS = (
					"DEBUG=1",
					"$(inherited)",
				);
				GCC_SYMBOLS_PRIVATE_EXTERN = NO;
				GCC_WARN_64_TO_32_BIT_CONVERSION = YES;
				GCC_WARN_ABOUT_RETURN_TYPE = YES_ERROR;
				GCC_WARN_UNDECLARED_SELECTOR = YES;
				GCC_WARN_UNINITIALIZED_AUTOS = YES;
				GCC_WARN_UNUSED_FUNCTION = YES;
				GCC_WARN_UNUSED_VARIABLE = YES;
				IPHONEOS_DEPLOYMENT_TARGET = 8.0;
				ONLY_ACTIVE_ARCH = YES;
				SDKROOT = iphoneos;
				TARGETED_DEVICE_FAMILY = "1,2";
			};
			name = Debug;
		};
		D253D8191839385F00BE6C44 /* Release */ = {
			isa = XCBuildConfiguration;
			buildSettings = {
				ALWAYS_SEARCH_USER_PATHS = NO;
				CLANG_CXX_LANGUAGE_STANDARD = "gnu++0x";
				CLANG_CXX_LIBRARY = "libc++";
				CLANG_ENABLE_MODULES = YES;
				CLANG_ENABLE_OBJC_ARC = YES;
				CLANG_WARN_BOOL_CONVERSION = YES;
				CLANG_WARN_CONSTANT_CONVERSION = YES;
				CLANG_WARN_DIRECT_OBJC_ISA_USAGE = YES_ERROR;
				CLANG_WARN_EMPTY_BODY = YES;
				CLANG_WARN_ENUM_CONVERSION = YES;
				CLANG_WARN_INFINITE_RECURSION = YES;
				CLANG_WARN_INT_CONVERSION = YES;
				CLANG_WARN_OBJC_ROOT_CLASS = YES_ERROR;
				CLANG_WARN_SUSPICIOUS_MOVE = YES;
				CLANG_WARN_UNREACHABLE_CODE = YES;
				CLANG_WARN__DUPLICATE_METHOD_MATCH = YES;
				"CODE_SIGN_IDENTITY[sdk=iphoneos*]" = "iPhone Developer";
				COPY_PHASE_STRIP = YES;
				ENABLE_NS_ASSERTIONS = NO;
				ENABLE_STRICT_OBJC_MSGSEND = YES;
				GCC_C_LANGUAGE_STANDARD = gnu99;
				GCC_NO_COMMON_BLOCKS = YES;
				GCC_WARN_64_TO_32_BIT_CONVERSION = YES;
				GCC_WARN_ABOUT_RETURN_TYPE = YES_ERROR;
				GCC_WARN_UNDECLARED_SELECTOR = YES;
				GCC_WARN_UNINITIALIZED_AUTOS = YES;
				GCC_WARN_UNUSED_FUNCTION = YES;
				GCC_WARN_UNUSED_VARIABLE = YES;
				IPHONEOS_DEPLOYMENT_TARGET = 8.0;
				SDKROOT = iphoneos;
				TARGETED_DEVICE_FAMILY = "1,2";
				VALIDATE_PRODUCT = YES;
			};
			name = Release;
		};
		D253D81B1839385F00BE6C44 /* Debug */ = {
			isa = XCBuildConfiguration;
			buildSettings = {
				ASSETCATALOG_COMPILER_APPICON_NAME = AppIcon;
				ASSETCATALOG_COMPILER_LAUNCHIMAGE_NAME = LaunchImage;
				DEVELOPMENT_TEAM = 8M37KCPR2Q;
				GCC_PRECOMPILE_PREFIX_HEADER = YES;
				GCC_PREFIX_HEADER = "ExampleProject/ExampleProject-Prefix.pch";
				INFOPLIST_FILE = "ExampleProject/ExampleProject-Info.plist";
				IPHONEOS_DEPLOYMENT_TARGET = 8.0;
				PRODUCT_BUNDLE_IDENTIFIER = de.markusemrich.simpleUIKit;
				PRODUCT_NAME = "$(TARGET_NAME)";
				WRAPPER_EXTENSION = app;
			};
			name = Debug;
		};
		D253D81C1839385F00BE6C44 /* Release */ = {
			isa = XCBuildConfiguration;
			buildSettings = {
				ASSETCATALOG_COMPILER_APPICON_NAME = AppIcon;
				ASSETCATALOG_COMPILER_LAUNCHIMAGE_NAME = LaunchImage;
				DEVELOPMENT_TEAM = 8M37KCPR2Q;
				GCC_PRECOMPILE_PREFIX_HEADER = YES;
				GCC_PREFIX_HEADER = "ExampleProject/ExampleProject-Prefix.pch";
				INFOPLIST_FILE = "ExampleProject/ExampleProject-Info.plist";
				IPHONEOS_DEPLOYMENT_TARGET = 8.0;
				PRODUCT_BUNDLE_IDENTIFIER = de.markusemrich.simpleUIKit;
				PRODUCT_NAME = "$(TARGET_NAME)";
				WRAPPER_EXTENSION = app;
			};
			name = Release;
		};
/* End XCBuildConfiguration section */

/* Begin XCConfigurationList section */
		D253D7E91839385E00BE6C44 /* Build configuration list for PBXProject "ExampleProject" */ = {
			isa = XCConfigurationList;
			buildConfigurations = (
				D253D8181839385F00BE6C44 /* Debug */,
				D253D8191839385F00BE6C44 /* Release */,
			);
			defaultConfigurationIsVisible = 0;
			defaultConfigurationName = Release;
		};
		D253D81A1839385F00BE6C44 /* Build configuration list for PBXNativeTarget "ExampleProject" */ = {
			isa = XCConfigurationList;
			buildConfigurations = (
				D253D81B1839385F00BE6C44 /* Debug */,
				D253D81C1839385F00BE6C44 /* Release */,
			);
			defaultConfigurationIsVisible = 0;
			defaultConfigurationName = Release;
		};
/* End XCConfigurationList section */
	};
	rootObject = D253D7E61839385E00BE6C44 /* Project object */;
}
